
Microsoft Visual Studio Solution File, Format Version 12.00
# Visual Studio 2015
Project("{FAE04EC0-301F-11D3-BF4B-00C04F79EFBC}") = "DemoPlataforma.CSharp.Plugins", "DemoPlataforma.CSharp.Plugins.csproj", "{D96D1DA6-84DA-3B9C-631B-C6B4B2D0C350}"
EndProject
Project("{FAE04EC0-301F-11D3-BF4B-00C04F79EFBC}") = "DemoPlataforma.CSharp.Editor", "DemoPlataforma.CSharp.Editor.csproj", "{672AF3F9-F657-CB37-6D06-A43B3808D324}"
EndProject
Global
	GlobalSection(SolutionConfigurationPlatforms) = preSolution
		Debug|Any CPU = Debug|Any CPU
		Release|Any CPU = Release|Any CPU
	EndGlobalSection
	GlobalSection(ProjectConfigurationPlatforms) = postSolution
		{D96D1DA6-84DA-3B9C-631B-C6B4B2D0C350}.Debug|Any CPU.ActiveCfg = Debug|Any CPU
		{D96D1DA6-84DA-3B9C-631B-C6B4B2D0C350}.Debug|Any CPU.Build.0 = Debug|Any CPU
		{D96D1DA6-84DA-3B9C-631B-C6B4B2D0C350}.Release|Any CPU.ActiveCfg = Release|Any CPU
		{D96D1DA6-84DA-3B9C-631B-C6B4B2D0C350}.Release|Any CPU.Build.0 = Release|Any CPU
		{672AF3F9-F657-CB37-6D06-A43B3808D324}.Debug|Any CPU.ActiveCfg = Debug|Any CPU
		{672AF3F9-F657-CB37-6D06-A43B3808D324}.Debug|Any CPU.Build.0 = Debug|Any CPU
		{672AF3F9-F657-CB37-6D06-A43B3808D324}.Release|Any CPU.ActiveCfg = Release|Any CPU
		{672AF3F9-F657-CB37-6D06-A43B3808D324}.Release|Any CPU.Build.0 = Release|Any CPU
	EndGlobalSection
	GlobalSection(SolutionProperties) = preSolution
		HideSolutionNode = FALSE
	EndGlobalSection
EndGlobal
