
Microsoft Visual Studio Solution File, Format Version 12.00
# Visual Studio 2013
VisualStudioVersion = 12.0.31101.0
MinimumVisualStudioVersion = 10.0.40219.1
Project("{FAE04EC0-301F-11D3-BF4B-00C04F79EFBC}") = "10_Northwind_Dashboard", "10_Northwind_Dashboard\10_Northwind_Dashboard.csproj", "{2908CF1C-DB12-4BE2-A91F-34720321AD89}"
EndProject
Global
	GlobalSection(SolutionConfigurationPlatforms) = preSolution
		Debug|Any CPU = Debug|Any CPU
		Release|Any CPU = Release|Any CPU
	EndGlobalSection
	GlobalSection(ProjectConfigurationPlatforms) = postSolution
		{2908CF1C-DB12-4BE2-A91F-34720321AD89}.Debug|Any CPU.ActiveCfg = Debug|Any CPU
		{2908CF1C-DB12-4BE2-A91F-34720321AD89}.Debug|Any CPU.Build.0 = Debug|Any CPU
		{2908CF1C-DB12-4BE2-A91F-34720321AD89}.Release|Any CPU.ActiveCfg = Release|Any CPU
		{2908CF1C-DB12-4BE2-A91F-34720321AD89}.Release|Any CPU.Build.0 = Release|Any CPU
	EndGlobalSection
	GlobalSection(SolutionProperties) = preSolution
		HideSolutionNode = FALSE
	EndGlobalSection
EndGlobal
