
Microsoft Visual Studio Solution File, Format Version 12.00
# Visual Studio 2013
VisualStudioVersion = 12.0.21005.1
MinimumVisualStudioVersion = 10.0.40219.1
Project("{F2A71F9B-5D33-465A-A702-920D77279786}") = "DemoFSharp", "DemoFSharp\DemoFSharp.fsproj", "{E13DE6A8-4379-43D7-8B83-19F8DE3BE58B}"
EndProject
Global
	GlobalSection(SolutionConfigurationPlatforms) = preSolution
		Debug|Any CPU = Debug|Any CPU
		Release|Any CPU = Release|Any CPU
	EndGlobalSection
	GlobalSection(ProjectConfigurationPlatforms) = postSolution
		{E13DE6A8-4379-43D7-8B83-19F8DE3BE58B}.Debug|Any CPU.ActiveCfg = Debug|Any CPU
		{E13DE6A8-4379-43D7-8B83-19F8DE3BE58B}.Debug|Any CPU.Build.0 = Debug|Any CPU
		{E13DE6A8-4379-43D7-8B83-19F8DE3BE58B}.Release|Any CPU.ActiveCfg = Release|Any CPU
		{E13DE6A8-4379-43D7-8B83-19F8DE3BE58B}.Release|Any CPU.Build.0 = Release|Any CPU
	EndGlobalSection
	GlobalSection(SolutionProperties) = preSolution
		HideSolutionNode = FALSE
	EndGlobalSection
EndGlobal
